// !$*UTF8*$!
{
	archiveVersion = 1;
	classes = {
	};
	objectVersion = 50;
	objects = {

/* Begin PBXBuildFile section */
		F5CE9E5125F966F3003E83F0 /* BucketList_swiftApp.swift in Sources */ = {isa = PBXBuildFile; fileRef = F5CE9E5025F966F3003E83F0 /* BucketList_swiftApp.swift */; };
		F5CE9E5325F966F3003E83F0 /* ContentView.swift in Sources */ = {isa = PBXBuildFile; fileRef = F5CE9E5225F966F3003E83F0 /* ContentView.swift */; };
		F5CE9E5525F966F6003E83F0 /* Assets.xcassets in Resources */ = {isa = PBXBuildFile; fileRef = F5CE9E5425F966F6003E83F0 /* Assets.xcassets */; };
		F5CE9E5825F966F6003E83F0 /* Preview Assets.xcassets in Resources */ = {isa = PBXBuildFile; fileRef = F5CE9E5725F966F6003E83F0 /* Preview Assets.xcassets */; };
		F5CE9E5A25F966F6003E83F0 /* Persistence.swift in Sources */ = {isa = PBXBuildFile; fileRef = F5CE9E5925F966F6003E83F0 /* Persistence.swift */; };
		F5CE9E5D25F966F6003E83F0 /* BucketList_swift.xcdatamodeld in Sources */ = {isa = PBXBuildFile; fileRef = F5CE9E5B25F966F6003E83F0 /* BucketList_swift.xcdatamodeld */; };
		F5CE9E6925FB0315003E83F0 /* MapView.swift in Sources */ = {isa = PBXBuildFile; fileRef = F5CE9E6825FB0315003E83F0 /* MapView.swift */; };
		F5CE9E6C25FBE1E4003E83F0 /*  MKPointAnnotation-ObservableObject.swift in Sources */ = {isa = PBXBuildFile; fileRef = F5CE9E6B25FBE1E4003E83F0 /*  MKPointAnnotation-ObservableObject.swift */; };
		F5CE9E6F25FBE22E003E83F0 /* EditView.swift in Sources */ = {isa = PBXBuildFile; fileRef = F5CE9E6E25FBE22E003E83F0 /* EditView.swift */; };
		F5CE9E7225FBE4E9003E83F0 /* Result.swift in Sources */ = {isa = PBXBuildFile; fileRef = F5CE9E7125FBE4E9003E83F0 /* Result.swift */; };
		F5CE9E7525FD5751003E83F0 /* MKPointAnnotation-Codable.swift in Sources */ = {isa = PBXBuildFile; fileRef = F5CE9E7425FD5751003E83F0 /* MKPointAnnotation-Codable.swift */; };
/* End PBXBuildFile section */

/* Begin PBXFileReference section */
		F5CE9E4D25F966F3003E83F0 /* BucketList.swift.app */ = {isa = PBXFileReference; explicitFileType = wrapper.application; includeInIndex = 0; path = BucketList.swift.app; sourceTree = BUILT_PRODUCTS_DIR; };
		F5CE9E5025F966F3003E83F0 /* BucketList_swiftApp.swift */ = {isa = PBXFileReference; lastKnownFileType = sourcecode.swift; path = BucketList_swiftApp.swift; sourceTree = "<group>"; };
		F5CE9E5225F966F3003E83F0 /* ContentView.swift */ = {isa = PBXFileReference; lastKnownFileType = sourcecode.swift; path = ContentView.swift; sourceTree = "<group>"; };
		F5CE9E5425F966F6003E83F0 /* Assets.xcassets */ = {isa = PBXFileReference; lastKnownFileType = folder.assetcatalog; path = Assets.xcassets; sourceTree = "<group>"; };
		F5CE9E5725F966F6003E83F0 /* Preview Assets.xcassets */ = {isa = PBXFileReference; lastKnownFileType = folder.assetcatalog; path = "Preview Assets.xcassets"; sourceTree = "<group>"; };
		F5CE9E5925F966F6003E83F0 /* Persistence.swift */ = {isa = PBXFileReference; lastKnownFileType = sourcecode.swift; path = Persistence.swift; sourceTree = "<group>"; };
		F5CE9E5C25F966F6003E83F0 /* BucketList_swift.xcdatamodel */ = {isa = PBXFileReference; lastKnownFileType = wrapper.xcdatamodel; path = BucketList_swift.xcdatamodel; sourceTree = "<group>"; };
		F5CE9E5E25F966F6003E83F0 /* Info.plist */ = {isa = PBXFileReference; lastKnownFileType = text.plist.xml; path = Info.plist; sourceTree = "<group>"; };
		F5CE9E6825FB0315003E83F0 /* MapView.swift */ = {isa = PBXFileReference; lastKnownFileType = sourcecode.swift; path = MapView.swift; sourceTree = "<group>"; };
		F5CE9E6B25FBE1E4003E83F0 /*  MKPointAnnotation-ObservableObject.swift */ = {isa = PBXFileReference; lastKnownFileType = sourcecode.swift; path = " MKPointAnnotation-ObservableObject.swift"; sourceTree = "<group>"; };
		F5CE9E6E25FBE22E003E83F0 /* EditView.swift */ = {isa = PBXFileReference; lastKnownFileType = sourcecode.swift; path = EditView.swift; sourceTree = "<group>"; };
		F5CE9E7125FBE4E9003E83F0 /* Result.swift */ = {isa = PBXFileReference; lastKnownFileType = sourcecode.swift; path = Result.swift; sourceTree = "<group>"; };
		F5CE9E7425FD5751003E83F0 /* MKPointAnnotation-Codable.swift */ = {isa = PBXFileReference; lastKnownFileType = sourcecode.swift; path = "MKPointAnnotation-Codable.swift"; sourceTree = "<group>"; };
/* End PBXFileReference section */

/* Begin PBXFrameworksBuildPhase section */
		F5CE9E4A25F966F3003E83F0 /* Frameworks */ = {
			isa = PBXFrameworksBuildPhase;
			buildActionMask = 2147483647;
			files = (
			);
			runOnlyForDeploymentPostprocessing = 0;
		};
/* End PBXFrameworksBuildPhase section */

/* Begin PBXGroup section */
		F5CE9E4425F966F3003E83F0 = {
			isa = PBXGroup;
			children = (
				F5CE9E7125FBE4E9003E83F0 /* Result.swift */,
				F5CE9E4F25F966F3003E83F0 /* BucketList.swift */,
				F5CE9E4E25F966F3003E83F0 /* Products */,
			);
			sourceTree = "<group>";
		};
		F5CE9E4E25F966F3003E83F0 /* Products */ = {
			isa = PBXGroup;
			children = (
				F5CE9E4D25F966F3003E83F0 /* BucketList.swift.app */,
			);
			name = Products;
			sourceTree = "<group>";
		};
		F5CE9E4F25F966F3003E83F0 /* BucketList.swift */ = {
			isa = PBXGroup;
			children = (
				F5CE9E5025F966F3003E83F0 /* BucketList_swiftApp.swift */,
				F5CE9E6825FB0315003E83F0 /* MapView.swift */,
				F5CE9E5225F966F3003E83F0 /* ContentView.swift */,
				F5CE9E7425FD5751003E83F0 /* MKPointAnnotation-Codable.swift */,
				F5CE9E6B25FBE1E4003E83F0 /*  MKPointAnnotation-ObservableObject.swift */,
				F5CE9E6E25FBE22E003E83F0 /* EditView.swift */,
				F5CE9E5425F966F6003E83F0 /* Assets.xcassets */,
				F5CE9E5925F966F6003E83F0 /* Persistence.swift */,
				F5CE9E5E25F966F6003E83F0 /* Info.plist */,
				F5CE9E5B25F966F6003E83F0 /* BucketList_swift.xcdatamodeld */,
				F5CE9E5625F966F6003E83F0 /* Preview Content */,
			);
			path = BucketList.swift;
			sourceTree = "<group>";
		};
		F5CE9E5625F966F6003E83F0 /* Preview Content */ = {
			isa = PBXGroup;
			children = (
				F5CE9E5725F966F6003E83F0 /* Preview Assets.xcassets */,
			);
			path = "Preview Content";
			sourceTree = "<group>";
		};
/* End PBXGroup section */

/* Begin PBXNativeTarget section */
		F5CE9E4C25F966F3003E83F0 /* BucketList.swift */ = {
			isa = PBXNativeTarget;
			buildConfigurationList = F5CE9E6125F966F6003E83F0 /* Build configuration list for PBXNativeTarget "BucketList.swift" */;
			buildPhases = (
				F5CE9E4925F966F3003E83F0 /* Sources */,
				F5CE9E4A25F966F3003E83F0 /* Frameworks */,
				F5CE9E4B25F966F3003E83F0 /* Resources */,
			);
			buildRules = (
			);
			dependencies = (
			);
			name = BucketList.swift;
			productName = BucketList.swift;
			productReference = F5CE9E4D25F966F3003E83F0 /* BucketList.swift.app */;
			productType = "com.apple.product-type.application";
		};
/* End PBXNativeTarget section */

/* Begin PBXProject section */
		F5CE9E4525F966F3003E83F0 /* Project object */ = {
			isa = PBXProject;
			attributes = {
				LastSwiftUpdateCheck = 1240;
				LastUpgradeCheck = 1240;
				TargetAttributes = {
					F5CE9E4C25F966F3003E83F0 = {
						CreatedOnToolsVersion = 12.4;
					};
				};
			};
			buildConfigurationList = F5CE9E4825F966F3003E83F0 /* Build configuration list for PBXProject "BucketList.swift" */;
			compatibilityVersion = "Xcode 9.3";
			developmentRegion = en;
			hasScannedForEncodings = 0;
			knownRegions = (
				en,
				Base,
			);
			mainGroup = F5CE9E4425F966F3003E83F0;
			productRefGroup = F5CE9E4E25F966F3003E83F0 /* Products */;
			projectDirPath = "";
			projectRoot = "";
			targets = (
				F5CE9E4C25F966F3003E83F0 /* BucketList.swift */,
			);
		};
/* End PBXProject section */

/* Begin PBXResourcesBuildPhase section */
		F5CE9E4B25F966F3003E83F0 /* Resources */ = {
			isa = PBXResourcesBuildPhase;
			buildActionMask = 2147483647;
			files = (
				F5CE9E5825F966F6003E83F0 /* Preview Assets.xcassets in Resources */,
				F5CE9E5525F966F6003E83F0 /* Assets.xcassets in Resources */,
			);
			runOnlyForDeploymentPostprocessing = 0;
		};
/* End PBXResourcesBuildPhase section */

/* Begin PBXSourcesBuildPhase section */
		F5CE9E4925F966F3003E83F0 /* Sources */ = {
			isa = PBXSourcesBuildPhase;
			buildActionMask = 2147483647;
			files = (
				F5CE9E5A25F966F6003E83F0 /* Persistence.swift in Sources */,
				F5CE9E5325F966F3003E83F0 /* ContentView.swift in Sources */,
				F5CE9E6925FB0315003E83F0 /* MapView.swift in Sources */,
				F5CE9E5125F966F3003E83F0 /* BucketList_swiftApp.swift in Sources */,
				F5CE9E6F25FBE22E003E83F0 /* EditView.swift in Sources */,
				F5CE9E6C25FBE1E4003E83F0 /*  MKPointAnnotation-ObservableObject.swift in Sources */,
				F5CE9E7525FD5751003E83F0 /* MKPointAnnotation-Codable.swift in Sources */,
				F5CE9E7225FBE4E9003E83F0 /* Result.swift in Sources */,
				F5CE9E5D25F966F6003E83F0 /* BucketList_swift.xcdatamodeld in Sources */,
			);
			runOnlyForDeploymentPostprocessing = 0;
		};
/* End PBXSourcesBuildPhase section */

/* Begin XCBuildConfiguration section */
		F5CE9E5F25F966F6003E83F0 /* Debug */ = {
			isa = XCBuildConfiguration;
			buildSettings = {
				ALWAYS_SEARCH_USER_PATHS = NO;
				CLANG_ANALYZER_NONNULL = YES;
				CLANG_ANALYZER_NUMBER_OBJECT_CONVERSION = YES_AGGRESSIVE;
				CLANG_CXX_LANGUAGE_STANDARD = "gnu++14";
				CLANG_CXX_LIBRARY = "libc++";
				CLANG_ENABLE_MODULES = YES;
				CLANG_ENABLE_OBJC_ARC = YES;
				CLANG_ENABLE_OBJC_WEAK = YES;
				CLANG_WARN_BLOCK_CAPTURE_AUTORELEASING = YES;
				CLANG_WARN_BOOL_CONVERSION = YES;
				CLANG_WARN_COMMA = YES;
				CLANG_WARN_CONSTANT_CONVERSION = YES;
				CLANG_WARN_DEPRECATED_OBJC_IMPLEMENTATIONS = YES;
				CLANG_WARN_DIRECT_OBJC_ISA_USAGE = YES_ERROR;
				CLANG_WARN_DOCUMENTATION_COMMENTS = YES;
				CLANG_WARN_EMPTY_BODY = YES;
				CLANG_WARN_ENUM_CONVERSION = YES;
				CLANG_WARN_INFINITE_RECURSION = YES;
				CLANG_WARN_INT_CONVERSION = YES;
				CLANG_WARN_NON_LITERAL_NULL_CONVERSION = YES;
				CLANG_WARN_OBJC_IMPLICIT_RETAIN_SELF = YES;
				CLANG_WARN_OBJC_LITERAL_CONVERSION = YES;
				CLANG_WARN_OBJC_ROOT_CLASS = YES_ERROR;
				CLANG_WARN_QUOTED_INCLUDE_IN_FRAMEWORK_HEADER = YES;
				CLANG_WARN_RANGE_LOOP_ANALYSIS = YES;
				CLANG_WARN_STRICT_PROTOTYPES = YES;
				CLANG_WARN_SUSPICIOUS_MOVE = YES;
				CLANG_WARN_UNGUARDED_AVAILABILITY = YES_AGGRESSIVE;
				CLANG_WARN_UNREACHABLE_CODE = YES;
				CLANG_WARN__DUPLICATE_METHOD_MATCH = YES;
				COPY_PHASE_STRIP = NO;
				DEBUG_INFORMATION_FORMAT = dwarf;
				ENABLE_STRICT_OBJC_MSGSEND = YES;
				ENABLE_TESTABILITY = YES;
				GCC_C_LANGUAGE_STANDARD = gnu11;
				GCC_DYNAMIC_NO_PIC = NO;
				GCC_NO_COMMON_BLOCKS = YES;
				GCC_OPTIMIZATION_LEVEL = 0;
				GCC_PREPROCESSOR_DEFINITIONS = (
					"DEBUG=1",
					"$(inherited)",
				);
				GCC_WARN_64_TO_32_BIT_CONVERSION = YES;
				GCC_WARN_ABOUT_RETURN_TYPE = YES_ERROR;
				GCC_WARN_UNDECLARED_SELECTOR = YES;
				GCC_WARN_UNINITIALIZED_AUTOS = YES_AGGRESSIVE;
				GCC_WARN_UNUSED_FUNCTION = YES;
				GCC_WARN_UNUSED_VARIABLE = YES;
				IPHONEOS_DEPLOYMENT_TARGET = 14.4;
				MTL_ENABLE_DEBUG_INFO = INCLUDE_SOURCE;
				MTL_FAST_MATH = YES;
				ONLY_ACTIVE_ARCH = YES;
				SDKROOT = iphoneos;
				SWIFT_ACTIVE_COMPILATION_CONDITIONS = DEBUG;
				SWIFT_OPTIMIZATION_LEVEL = "-Onone";
			};
			name = Debug;
		};
		F5CE9E6025F966F6003E83F0 /* Release */ = {
			isa = XCBuildConfiguration;
			buildSettings = {
				ALWAYS_SEARCH_USER_PATHS = NO;
				CLANG_ANALYZER_NONNULL = YES;
				CLANG_ANALYZER_NUMBER_OBJECT_CONVERSION = YES_AGGRESSIVE;
				CLANG_CXX_LANGUAGE_STANDARD = "gnu++14";
				CLANG_CXX_LIBRARY = "libc++";
				CLANG_ENABLE_MODULES = YES;
				CLANG_ENABLE_OBJC_ARC = YES;
				CLANG_ENABLE_OBJC_WEAK = YES;
				CLANG_WARN_BLOCK_CAPTURE_AUTORELEASING = YES;
				CLANG_WARN_BOOL_CONVERSION = YES;
				CLANG_WARN_COMMA = YES;
				CLANG_WARN_CONSTANT_CONVERSION = YES;
				CLANG_WARN_DEPRECATED_OBJC_IMPLEMENTATIONS = YES;
				CLANG_WARN_DIRECT_OBJC_ISA_USAGE = YES_ERROR;
				CLANG_WARN_DOCUMENTATION_COMMENTS = YES;
				CLANG_WARN_EMPTY_BODY = YES;
				CLANG_WARN_ENUM_CONVERSION = YES;
				CLANG_WARN_INFINITE_RECURSION = YES;
				CLANG_WARN_INT_CONVERSION = YES;
				CLANG_WARN_NON_LITERAL_NULL_CONVERSION = YES;
				CLANG_WARN_OBJC_IMPLICIT_RETAIN_SELF = YES;
				CLANG_WARN_OBJC_LITERAL_CONVERSION = YES;
				CLANG_WARN_OBJC_ROOT_CLASS = YES_ERROR;
				CLANG_WARN_QUOTED_INCLUDE_IN_FRAMEWORK_HEADER = YES;
				CLANG_WARN_RANGE_LOOP_ANALYSIS = YES;
				CLANG_WARN_STRICT_PROTOTYPES = YES;
				CLANG_WARN_SUSPICIOUS_MOVE = YES;
				CLANG_WARN_UNGUARDED_AVAILABILITY = YES_AGGRESSIVE;
				CLANG_WARN_UNREACHABLE_CODE = YES;
				CLANG_WARN__DUPLICATE_METHOD_MATCH = YES;
				COPY_PHASE_STRIP = NO;
				DEBUG_INFORMATION_FORMAT = "dwarf-with-dsym";
				ENABLE_NS_ASSERTIONS = NO;
				ENABLE_STRICT_OBJC_MSGSEND = YES;
				GCC_C_LANGUAGE_STANDARD = gnu11;
				GCC_NO_COMMON_BLOCKS = YES;
				GCC_WARN_64_TO_32_BIT_CONVERSION = YES;
				GCC_WARN_ABOUT_RETURN_TYPE = YES_ERROR;
				GCC_WARN_UNDECLARED_SELECTOR = YES;
				GCC_WARN_UNINITIALIZED_AUTOS = YES_AGGRESSIVE;
				GCC_WARN_UNUSED_FUNCTION = YES;
				GCC_WARN_UNUSED_VARIABLE = YES;
				IPHONEOS_DEPLOYMENT_TARGET = 14.4;
				MTL_ENABLE_DEBUG_INFO = NO;
				MTL_FAST_MATH = YES;
				SDKROOT = iphoneos;
				SWIFT_COMPILATION_MODE = wholemodule;
				SWIFT_OPTIMIZATION_LEVEL = "-O";
				VALIDATE_PRODUCT = YES;
			};
			name = Release;
		};
		F5CE9E6225F966F6003E83F0 /* Debug */ = {
			isa = XCBuildConfiguration;
			buildSettings = {
				ASSETCATALOG_COMPILER_APPICON_NAME = AppIcon;
				ASSETCATALOG_COMPILER_GLOBAL_ACCENT_COLOR_NAME = AccentColor;
				CODE_SIGN_STYLE = Automatic;
				DEVELOPMENT_ASSET_PATHS = "\"BucketList.swift/Preview Content\"";
				ENABLE_PREVIEWS = YES;
				INFOPLIST_FILE = BucketList.swift/Info.plist;
				IPHONEOS_DEPLOYMENT_TARGET = 14.0;
				LD_RUNPATH_SEARCH_PATHS = (
					"$(inherited)",
					"@executable_path/Frameworks",
				);
				PRODUCT_BUNDLE_IDENTIFIER = "com..BucketList-swift";
				PRODUCT_NAME = "$(TARGET_NAME)";
				SWIFT_VERSION = 5.0;
				TARGETED_DEVICE_FAMILY = "1,2";
			};
			name = Debug;
		};
		F5CE9E6325F966F6003E83F0 /* Release */ = {
			isa = XCBuildConfiguration;
			buildSettings = {
				ASSETCATALOG_COMPILER_APPICON_NAME = AppIcon;
				ASSETCATALOG_COMPILER_GLOBAL_ACCENT_COLOR_NAME = AccentColor;
				CODE_SIGN_STYLE = Automatic;
				DEVELOPMENT_ASSET_PATHS = "\"BucketList.swift/Preview Content\"";
				ENABLE_PREVIEWS = YES;
				INFOPLIST_FILE = BucketList.swift/Info.plist;
				IPHONEOS_DEPLOYMENT_TARGET = 14.0;
				LD_RUNPATH_SEARCH_PATHS = (
					"$(inherited)",
					"@executable_path/Frameworks",
				);
				PRODUCT_BUNDLE_IDENTIFIER = "com..BucketList-swift";
				PRODUCT_NAME = "$(TARGET_NAME)";
				SWIFT_VERSION = 5.0;
				TARGETED_DEVICE_FAMILY = "1,2";
			};
			name = Release;
		};
/* End XCBuildConfiguration section */

/* Begin XCConfigurationList section */
		F5CE9E4825F966F3003E83F0 /* Build configuration list for PBXProject "BucketList.swift" */ = {
			isa = XCConfigurationList;
			buildConfigurations = (
				F5CE9E5F25F966F6003E83F0 /* Debug */,
				F5CE9E6025F966F6003E83F0 /* Release */,
			);
			defaultConfigurationIsVisible = 0;
			defaultConfigurationName = Release;
		};
		F5CE9E6125F966F6003E83F0 /* Build configuration list for PBXNativeTarget "BucketList.swift" */ = {
			isa = XCConfigurationList;
			buildConfigurations = (
				F5CE9E6225F966F6003E83F0 /* Debug */,
				F5CE9E6325F966F6003E83F0 /* Release */,
			);
			defaultConfigurationIsVisible = 0;
			defaultConfigurationName = Release;
		};
/* End XCConfigurationList section */

/* Begin XCVersionGroup section */
		F5CE9E5B25F966F6003E83F0 /* BucketList_swift.xcdatamodeld */ = {
			isa = XCVersionGroup;
			children = (
				F5CE9E5C25F966F6003E83F0 /* BucketList_swift.xcdatamodel */,
			);
			currentVersion = F5CE9E5C25F966F6003E83F0 /* BucketList_swift.xcdatamodel */;
			path = BucketList_swift.xcdatamodeld;
			sourceTree = "<group>";
			versionGroupType = wrapper.xcdatamodel;
		};
/* End XCVersionGroup section */
	};
	rootObject = F5CE9E4525F966F3003E83F0 /* Project object */;
}
